
Microsoft Visual Studio Solution File, Format Version 12.00
# Visual Studio Version 17
VisualStudioVersion = 17.0.32112.339
MinimumVisualStudioVersion = 10.0.40219.1
Project("{FAE04EC0-301F-11D3-BF4B-00C04F79EFBC}") = "Assignment 16", "Assignment 16.csproj", "{4A4DEA2C-BD6E-4761-AD5A-A232FE3B3B5E}"
EndProject
Global
	GlobalSection(SolutionConfigurationPlatforms) = preSolution
		Debug|Any CPU = Debug|Any CPU
		Release|Any CPU = Release|Any CPU
	EndGlobalSection
	GlobalSection(ProjectConfigurationPlatforms) = postSolution
		{4A4DEA2C-BD6E-4761-AD5A-A232FE3B3B5E}.Debug|Any CPU.ActiveCfg = Debug|Any CPU
		{4A4DEA2C-BD6E-4761-AD5A-A232FE3B3B5E}.Debug|Any CPU.Build.0 = Debug|Any CPU
		{4A4DEA2C-BD6E-4761-AD5A-A232FE3B3B5E}.Release|Any CPU.ActiveCfg = Release|Any CPU
		{4A4DEA2C-BD6E-4761-AD5A-A232FE3B3B5E}.Release|Any CPU.Build.0 = Release|Any CPU
	EndGlobalSection
	GlobalSection(SolutionProperties) = preSolution
		HideSolutionNode = FALSE
	EndGlobalSection
	GlobalSection(ExtensibilityGlobals) = postSolution
		SolutionGuid = {D542E2A0-C9BF-496E-B825-D8274AB0CD4B}
	EndGlobalSection
EndGlobal
